
Microsoft Visual Studio Solution File, Format Version 12.00
# Visual Studio 2012
Project("{FAE04EC0-301F-11D3-BF4B-00C04F79EFBC}") = "PocoPoker.Showdown", "PocoPoker.Showdown\PocoPoker.Showdown.csproj", "{78BCA9FD-3501-44A9-A272-83EB6E5DCBCF}"
EndProject
Project("{FAE04EC0-301F-11D3-BF4B-00C04F79EFBC}") = "PocoPoker.Showdown.UnitTest", "PocoPoker.Showdown.UnitTest\PocoPoker.Showdown.UnitTest.csproj", "{DD527CD0-A2CF-4E9E-A0FC-BA20304F0BBC}"
EndProject
Project("{FAE04EC0-301F-11D3-BF4B-00C04F79EFBC}") = "PocoPoker", "PocoPoker\PocoPoker.csproj", "{563955A7-6AE1-4C41-8102-F3FB9B5B6B3D}"
EndProject
Project("{FAE04EC0-301F-11D3-BF4B-00C04F79EFBC}") = "PocoPoker.Showdown.IntegrationTest", "PocoPoker.Showdown.IntegrationTest\PocoPoker.Showdown.IntegrationTest.csproj", "{CA7B34FC-6DD4-4702-ACBD-DBCC7372B379}"
EndProject
Global
	GlobalSection(SolutionConfigurationPlatforms) = preSolution
		Debug|Any CPU = Debug|Any CPU
		Release|Any CPU = Release|Any CPU
	EndGlobalSection
	GlobalSection(ProjectConfigurationPlatforms) = postSolution
		{78BCA9FD-3501-44A9-A272-83EB6E5DCBCF}.Debug|Any CPU.ActiveCfg = Debug|Any CPU
		{78BCA9FD-3501-44A9-A272-83EB6E5DCBCF}.Debug|Any CPU.Build.0 = Debug|Any CPU
		{78BCA9FD-3501-44A9-A272-83EB6E5DCBCF}.Release|Any CPU.ActiveCfg = Release|Any CPU
		{78BCA9FD-3501-44A9-A272-83EB6E5DCBCF}.Release|Any CPU.Build.0 = Release|Any CPU
		{DD527CD0-A2CF-4E9E-A0FC-BA20304F0BBC}.Debug|Any CPU.ActiveCfg = Debug|Any CPU
		{DD527CD0-A2CF-4E9E-A0FC-BA20304F0BBC}.Debug|Any CPU.Build.0 = Debug|Any CPU
		{DD527CD0-A2CF-4E9E-A0FC-BA20304F0BBC}.Release|Any CPU.ActiveCfg = Release|Any CPU
		{DD527CD0-A2CF-4E9E-A0FC-BA20304F0BBC}.Release|Any CPU.Build.0 = Release|Any CPU
		{563955A7-6AE1-4C41-8102-F3FB9B5B6B3D}.Debug|Any CPU.ActiveCfg = Debug|Any CPU
		{563955A7-6AE1-4C41-8102-F3FB9B5B6B3D}.Debug|Any CPU.Build.0 = Debug|Any CPU
		{563955A7-6AE1-4C41-8102-F3FB9B5B6B3D}.Release|Any CPU.ActiveCfg = Release|Any CPU
		{563955A7-6AE1-4C41-8102-F3FB9B5B6B3D}.Release|Any CPU.Build.0 = Release|Any CPU
		{CA7B34FC-6DD4-4702-ACBD-DBCC7372B379}.Debug|Any CPU.ActiveCfg = Debug|Any CPU
		{CA7B34FC-6DD4-4702-ACBD-DBCC7372B379}.Debug|Any CPU.Build.0 = Debug|Any CPU
		{CA7B34FC-6DD4-4702-ACBD-DBCC7372B379}.Release|Any CPU.ActiveCfg = Release|Any CPU
		{CA7B34FC-6DD4-4702-ACBD-DBCC7372B379}.Release|Any CPU.Build.0 = Release|Any CPU
	EndGlobalSection
	GlobalSection(SolutionProperties) = preSolution
		HideSolutionNode = FALSE
	EndGlobalSection
EndGlobal
